
Microsoft Visual Studio Solution File, Format Version 12.00
# Visual Studio Version 17
VisualStudioVersion = 17.14.36121.58
MinimumVisualStudioVersion = 10.0.40219.1
Project("{2150E333-8FDC-42A3-9474-1A3956D46DE8}") = "001", "001", "{02EA681E-C7D8-13C7-8484-4AC65E1B71E8}"
EndProject
Project("{FAE04EC0-301F-11D3-BF4B-00C04F79EFBC}") = "IsNumerOddorNot", "IsNumerOddorNot\IsNumerOddorNot.csproj", "{C49BF57A-9281-4EE9-AC89-8078B5DD0ACB}"
EndProject
Project("{2150E333-8FDC-42A3-9474-1A3956D46DE8}") = "002", "002", "{B473654F-6CC3-4AEF-9A40-8FD665D6FEB2}"
EndProject
Project("{FAE04EC0-301F-11D3-BF4B-00C04F79EFBC}") = "TheGreathesNumbers", "TheGreathesNumbers\TheGreathesNumbers.csproj", "{A47C6159-F0E2-42A9-9312-40E3F270B48F}"
EndProject
Project("{2150E333-8FDC-42A3-9474-1A3956D46DE8}") = "003", "003", "{809DF829-2EE3-43A2-BA34-6AACC5EC49A4}"
EndProject
Project("{FAE04EC0-301F-11D3-BF4B-00C04F79EFBC}") = "SortNumbers", "SortNumbers\SortNumbers.csproj", "{2ECC57EB-1B07-4692-8416-DA76AEB65B9B}"
EndProject
Project("{FAE04EC0-301F-11D3-BF4B-00C04F79EFBC}") = "Shared", "..\..\..\..\Downloads\LogicConcepts.2024.1-main\LogicConcepts\Shared\Shared.csproj", "{8EE0C359-C8FA-A68A-3191-4972233EC1F4}"
EndProject
Project("{2150E333-8FDC-42A3-9474-1A3956D46DE8}") = "Shared", "Shared", "{16DA3D89-A680-4CDD-B710-78EBADE7FD3A}"
EndProject
Project("{2150E333-8FDC-42A3-9474-1A3956D46DE8}") = "004", "004", "{C7000C33-3F5A-4614-A4CC-673FD6CD7A55}"
EndProject
Project("{FAE04EC0-301F-11D3-BF4B-00C04F79EFBC}") = "IsMultipleOfAnother", "IsMultipleOfAnother\IsMultipleOfAnother.csproj", "{94879B9E-4238-4C33-93F2-E6E63DA5675E}"
EndProject
Global
	GlobalSection(SolutionConfigurationPlatforms) = preSolution
		Debug|Any CPU = Debug|Any CPU
		Release|Any CPU = Release|Any CPU
	EndGlobalSection
	GlobalSection(ProjectConfigurationPlatforms) = postSolution
		{C49BF57A-9281-4EE9-AC89-8078B5DD0ACB}.Debug|Any CPU.ActiveCfg = Debug|Any CPU
		{C49BF57A-9281-4EE9-AC89-8078B5DD0ACB}.Debug|Any CPU.Build.0 = Debug|Any CPU
		{C49BF57A-9281-4EE9-AC89-8078B5DD0ACB}.Release|Any CPU.ActiveCfg = Release|Any CPU
		{C49BF57A-9281-4EE9-AC89-8078B5DD0ACB}.Release|Any CPU.Build.0 = Release|Any CPU
		{A47C6159-F0E2-42A9-9312-40E3F270B48F}.Debug|Any CPU.ActiveCfg = Debug|Any CPU
		{A47C6159-F0E2-42A9-9312-40E3F270B48F}.Debug|Any CPU.Build.0 = Debug|Any CPU
		{A47C6159-F0E2-42A9-9312-40E3F270B48F}.Release|Any CPU.ActiveCfg = Release|Any CPU
		{A47C6159-F0E2-42A9-9312-40E3F270B48F}.Release|Any CPU.Build.0 = Release|Any CPU
		{2ECC57EB-1B07-4692-8416-DA76AEB65B9B}.Debug|Any CPU.ActiveCfg = Debug|Any CPU
		{2ECC57EB-1B07-4692-8416-DA76AEB65B9B}.Debug|Any CPU.Build.0 = Debug|Any CPU
		{2ECC57EB-1B07-4692-8416-DA76AEB65B9B}.Release|Any CPU.ActiveCfg = Release|Any CPU
		{2ECC57EB-1B07-4692-8416-DA76AEB65B9B}.Release|Any CPU.Build.0 = Release|Any CPU
		{8EE0C359-C8FA-A68A-3191-4972233EC1F4}.Debug|Any CPU.ActiveCfg = Debug|Any CPU
		{8EE0C359-C8FA-A68A-3191-4972233EC1F4}.Debug|Any CPU.Build.0 = Debug|Any CPU
		{8EE0C359-C8FA-A68A-3191-4972233EC1F4}.Release|Any CPU.ActiveCfg = Release|Any CPU
		{8EE0C359-C8FA-A68A-3191-4972233EC1F4}.Release|Any CPU.Build.0 = Release|Any CPU
		{94879B9E-4238-4C33-93F2-E6E63DA5675E}.Debug|Any CPU.ActiveCfg = Debug|Any CPU
		{94879B9E-4238-4C33-93F2-E6E63DA5675E}.Debug|Any CPU.Build.0 = Debug|Any CPU
		{94879B9E-4238-4C33-93F2-E6E63DA5675E}.Release|Any CPU.ActiveCfg = Release|Any CPU
		{94879B9E-4238-4C33-93F2-E6E63DA5675E}.Release|Any CPU.Build.0 = Release|Any CPU
	EndGlobalSection
	GlobalSection(SolutionProperties) = preSolution
		HideSolutionNode = FALSE
	EndGlobalSection
	GlobalSection(NestedProjects) = preSolution
		{C49BF57A-9281-4EE9-AC89-8078B5DD0ACB} = {02EA681E-C7D8-13C7-8484-4AC65E1B71E8}
		{A47C6159-F0E2-42A9-9312-40E3F270B48F} = {B473654F-6CC3-4AEF-9A40-8FD665D6FEB2}
		{2ECC57EB-1B07-4692-8416-DA76AEB65B9B} = {809DF829-2EE3-43A2-BA34-6AACC5EC49A4}
		{8EE0C359-C8FA-A68A-3191-4972233EC1F4} = {16DA3D89-A680-4CDD-B710-78EBADE7FD3A}
		{94879B9E-4238-4C33-93F2-E6E63DA5675E} = {C7000C33-3F5A-4614-A4CC-673FD6CD7A55}
	EndGlobalSection
	GlobalSection(ExtensibilityGlobals) = postSolution
		SolutionGuid = {DCABC1C0-9268-4896-A5E3-3F72B4F01C47}
	EndGlobalSection
EndGlobal
